
Microsoft Visual Studio Solution File, Format Version 12.00
# Visual Studio Version 17
VisualStudioVersion = 17.1.32228.430
MinimumVisualStudioVersion = 10.0.40219.1
Project("{FAE04EC0-301F-11D3-BF4B-00C04F79EFBC}") = "MontyHallProblem", "MontyHallProblem\MontyHallProblem.csproj", "{03D3B500-319F-4AC9-B211-FE1A8A947E4D}"
EndProject
Global
	GlobalSection(SolutionConfigurationPlatforms) = preSolution
		Debug|Any CPU = Debug|Any CPU
		Release|Any CPU = Release|Any CPU
	EndGlobalSection
	GlobalSection(ProjectConfigurationPlatforms) = postSolution
		{03D3B500-319F-4AC9-B211-FE1A8A947E4D}.Debug|Any CPU.ActiveCfg = Debug|Any CPU
		{03D3B500-319F-4AC9-B211-FE1A8A947E4D}.Debug|Any CPU.Build.0 = Debug|Any CPU
		{03D3B500-319F-4AC9-B211-FE1A8A947E4D}.Release|Any CPU.ActiveCfg = Release|Any CPU
		{03D3B500-319F-4AC9-B211-FE1A8A947E4D}.Release|Any CPU.Build.0 = Release|Any CPU
	EndGlobalSection
	GlobalSection(SolutionProperties) = preSolution
		HideSolutionNode = FALSE
	EndGlobalSection
	GlobalSection(ExtensibilityGlobals) = postSolution
		SolutionGuid = {1E5616FC-1B9A-4DEA-9C11-69B1BEC65900}
	EndGlobalSection
EndGlobal
